
Microsoft Visual Studio Solution File, Format Version 11.00
# Visual Studio 2010
Project("{F184B08F-C81C-45F6-A57F-5ABD9991F28F}") = "RailWorks_Joystick_API", "RailWorks_Joystick_API\RailWorks_Joystick_API.vbproj", "{A8DA0D5B-5732-4740-88D7-2DBE2F3682EF}"
EndProject
Global
	GlobalSection(SolutionConfigurationPlatforms) = preSolution
		Debug|x86 = Debug|x86
		Release|x86 = Release|x86
	EndGlobalSection
	GlobalSection(ProjectConfigurationPlatforms) = postSolution
		{A8DA0D5B-5732-4740-88D7-2DBE2F3682EF}.Debug|x86.ActiveCfg = Debug|x86
		{A8DA0D5B-5732-4740-88D7-2DBE2F3682EF}.Debug|x86.Build.0 = Debug|x86
		{A8DA0D5B-5732-4740-88D7-2DBE2F3682EF}.Release|x86.ActiveCfg = Release|x86
		{A8DA0D5B-5732-4740-88D7-2DBE2F3682EF}.Release|x86.Build.0 = Release|x86
	EndGlobalSection
	GlobalSection(SolutionProperties) = preSolution
		HideSolutionNode = FALSE
	EndGlobalSection
EndGlobal
